// !$*UTF8*$!
{
	archiveVersion = 1;
	classes = {
	};
	objectVersion = 50;
	objects = {

/* Begin PBXBuildFile section */
		1BECEB46C569F9A113281945 /* libPods-SkyMobile.a in Frameworks */ = {isa = PBXBuildFile; fileRef = 817E8D4846C63EC3810B4C6C /* libPods-SkyMobile.a */; };
		961317A12173019E0018684F /* ViewAssignments.swift in Sources */ = {isa = PBXBuildFile; fileRef = 961317A02173019E0018684F /* ViewAssignments.swift */; };
		961F297B22715DD4001BE296 /* LatestVersionChecker.swift in Sources */ = {isa = PBXBuildFile; fileRef = 961F297A22715DD4001BE296 /* LatestVersionChecker.swift */; };
		961F297D22715FB6001BE296 /* DistrictPickerView.swift in Sources */ = {isa = PBXBuildFile; fileRef = 961F297C22715FB6001BE296 /* DistrictPickerView.swift */; };
		963383F8216ED9DA00C7C158 /* AppDelegate.swift in Sources */ = {isa = PBXBuildFile; fileRef = 963383F7216ED9DA00C7C158 /* AppDelegate.swift */; };
		963383FF216ED9DC00C7C158 /* Assets.xcassets in Resources */ = {isa = PBXBuildFile; fileRef = 963383FE216ED9DC00C7C158 /* Assets.xcassets */; };
		9636181D21812F51002A8B2B /* LaunchScreen.storyboard in Resources */ = {isa = PBXBuildFile; fileRef = 9636181921812F50002A8B2B /* LaunchScreen.storyboard */; };
		9636181E21812F51002A8B2B /* Login.storyboard in Resources */ = {isa = PBXBuildFile; fileRef = 9636181A21812F51002A8B2B /* Login.storyboard */; };
		9636181F21812F51002A8B2B /* FinalGradeDisplay.storyboard in Resources */ = {isa = PBXBuildFile; fileRef = 9636181B21812F51002A8B2B /* FinalGradeDisplay.storyboard */; };
		9636182221813063002A8B2B /* GPACalculatorViewController.swift in Sources */ = {isa = PBXBuildFile; fileRef = 9636182121813063002A8B2B /* GPACalculatorViewController.swift */; };
		96733C4E22B0391200CD6077 /* PreferenceLoader.swift in Sources */ = {isa = PBXBuildFile; fileRef = 96733C4D22B0391200CD6077 /* PreferenceLoader.swift */; };
		96733C5022B0392700CD6077 /* PreferenceBundle.swift in Sources */ = {isa = PBXBuildFile; fileRef = 96733C4F22B0392700CD6077 /* PreferenceBundle.swift */; };
		967A998822AE0D180063155E /* preferences.json in Resources */ = {isa = PBXBuildFile; fileRef = 967A998722AE0D180063155E /* preferences.json */; };
		969715F0221393A200B810DD /* SettingsViewController.swift in Sources */ = {isa = PBXBuildFile; fileRef = 969715EF221393A200B810DD /* SettingsViewController.swift */; };
		9697E227229060B300E0A2BF /* InhalationExercise.swift in Sources */ = {isa = PBXBuildFile; fileRef = 9697E226229060B300E0A2BF /* InhalationExercise.swift */; };
		96987931216EDB8D00274869 /* GradientView.swift in Sources */ = {isa = PBXBuildFile; fileRef = 9698792E216EDB8D00274869 /* GradientView.swift */; };
		96987933216EDB8D00274869 /* Types.swift in Sources */ = {isa = PBXBuildFile; fileRef = 96987930216EDB8D00274869 /* Types.swift */; };
		9698793F216EDBA100274869 /* ViewController.swift in Sources */ = {isa = PBXBuildFile; fileRef = 96987935216EDBA100274869 /* ViewController.swift */; };
		96987941216EDBA100274869 /* ProgressReportAverages.swift in Sources */ = {isa = PBXBuildFile; fileRef = 96987937216EDBA100274869 /* ProgressReportAverages.swift */; };
		96991550224C68340064D22F /* StressReliefAndEncouragement.storyboard in Resources */ = {isa = PBXBuildFile; fileRef = 9699154F224C68340064D22F /* StressReliefAndEncouragement.storyboard */; };
		96A289D72283A07D00AFDD3A /* SearchForDistrict.swift in Sources */ = {isa = PBXBuildFile; fileRef = 96A289D62283A07D00AFDD3A /* SearchForDistrict.swift */; };
		96AD03F521795B4A0057066D /* DetailedAssignmentViewController.swift in Sources */ = {isa = PBXBuildFile; fileRef = 96AD03F421795B4A0057066D /* DetailedAssignmentViewController.swift */; };
		96AD03F721795F6B0057066D /* ImportantUtils.swift in Sources */ = {isa = PBXBuildFile; fileRef = 96AD03F621795F6B0057066D /* ImportantUtils.swift */; };
		96AEE146222EBBF800A3C0DE /* LocalAuthentication.framework in Frameworks */ = {isa = PBXBuildFile; fileRef = 96AEE145222EBBF800A3C0DE /* LocalAuthentication.framework */; };
		96B5834A228718DC00572D80 /* OfflineGradeStorageManager.swift in Sources */ = {isa = PBXBuildFile; fileRef = 96B58349228718DC00572D80 /* OfflineGradeStorageManager.swift */; };
		96D32902228B75FD002816A6 /* Launcher.storyboard in Resources */ = {isa = PBXBuildFile; fileRef = 96D32901228B75FD002816A6 /* Launcher.storyboard */; };
		96D32905228B7B49002816A6 /* LaunchingScreen.swift in Sources */ = {isa = PBXBuildFile; fileRef = 96D32904228B7B49002816A6 /* LaunchingScreen.swift */; };
		96DE3F84223AC4C900D2B715 /* ModernDetailedAssignmentViewController.swift in Sources */ = {isa = PBXBuildFile; fileRef = 96DE3F83223AC4C900D2B715 /* ModernDetailedAssignmentViewController.swift */; };
		96E15B8622382BE200A959EC /* ModernUITabController.swift in Sources */ = {isa = PBXBuildFile; fileRef = 96E15B8522382BE200A959EC /* ModernUITabController.swift */; };
		96FC4857222B7D76007645DD /* LegacyClassScraperAPI.swift in Sources */ = {isa = PBXBuildFile; fileRef = 96FC4856222B7D76007645DD /* LegacyClassScraperAPI.swift */; };
		C78E9EB6305D87A224BB97E6 /* libPods-SkyMobileUITests.a in Frameworks */ = {isa = PBXBuildFile; fileRef = 7DF8E9D4C388809B10EFADDE /* libPods-SkyMobileUITests.a */; };
		F05E766E2EC69175035230B4 /* libPods-SkyMobileTests.a in Frameworks */ = {isa = PBXBuildFile; fileRef = E28CEA9F4BCB5371598633B0 /* libPods-SkyMobileTests.a */; };
/* End PBXBuildFile section */

/* Begin PBXContainerItemProxy section */
		96338409216ED9DD00C7C158 /* PBXContainerItemProxy */ = {
			isa = PBXContainerItemProxy;
			containerPortal = 963383EC216ED9DA00C7C158 /* Project object */;
			proxyType = 1;
			remoteGlobalIDString = 963383F3216ED9DA00C7C158;
			remoteInfo = SkyMobile;
		};
		96338414216ED9DD00C7C158 /* PBXContainerItemProxy */ = {
			isa = PBXContainerItemProxy;
			containerPortal = 963383EC216ED9DA00C7C158 /* Project object */;
			proxyType = 1;
			remoteGlobalIDString = 963383F3216ED9DA00C7C158;
			remoteInfo = SkyMobile;
		};
/* End PBXContainerItemProxy section */

/* Begin PBXFileReference section */
		4BD4A5B8D9F348C87AD96051 /* Pods-SkyMobile.debug.xcconfig */ = {isa = PBXFileReference; includeInIndex = 1; lastKnownFileType = text.xcconfig; name = "Pods-SkyMobile.debug.xcconfig"; path = "Pods/Target Support Files/Pods-SkyMobile/Pods-SkyMobile.debug.xcconfig"; sourceTree = "<group>"; };
		5187BD4E98B14D527C912BA9 /* Pods-SkyMobileUITests.release.xcconfig */ = {isa = PBXFileReference; includeInIndex = 1; lastKnownFileType = text.xcconfig; name = "Pods-SkyMobileUITests.release.xcconfig"; path = "Pods/Target Support Files/Pods-SkyMobileUITests/Pods-SkyMobileUITests.release.xcconfig"; sourceTree = "<group>"; };
		5DCF54703ABFFC5006713751 /* Pods-SkyMobile.release.xcconfig */ = {isa = PBXFileReference; includeInIndex = 1; lastKnownFileType = text.xcconfig; name = "Pods-SkyMobile.release.xcconfig"; path = "Pods/Target Support Files/Pods-SkyMobile/Pods-SkyMobile.release.xcconfig"; sourceTree = "<group>"; };
		7DF8E9D4C388809B10EFADDE /* libPods-SkyMobileUITests.a */ = {isa = PBXFileReference; explicitFileType = archive.ar; includeInIndex = 0; path = "libPods-SkyMobileUITests.a"; sourceTree = BUILT_PRODUCTS_DIR; };
		817E8D4846C63EC3810B4C6C /* libPods-SkyMobile.a */ = {isa = PBXFileReference; explicitFileType = archive.ar; includeInIndex = 0; path = "libPods-SkyMobile.a"; sourceTree = BUILT_PRODUCTS_DIR; };
		961317A02173019E0018684F /* ViewAssignments.swift */ = {isa = PBXFileReference; lastKnownFileType = sourcecode.swift; path = ViewAssignments.swift; sourceTree = "<group>"; };
		961F297A22715DD4001BE296 /* LatestVersionChecker.swift */ = {isa = PBXFileReference; lastKnownFileType = sourcecode.swift; path = LatestVersionChecker.swift; sourceTree = "<group>"; };
		961F297C22715FB6001BE296 /* DistrictPickerView.swift */ = {isa = PBXFileReference; lastKnownFileType = sourcecode.swift; path = DistrictPickerView.swift; sourceTree = "<group>"; };
		963383F4216ED9DA00C7C158 /* SkyMobile.app */ = {isa = PBXFileReference; explicitFileType = wrapper.application; includeInIndex = 0; path = SkyMobile.app; sourceTree = BUILT_PRODUCTS_DIR; };
		963383F7216ED9DA00C7C158 /* AppDelegate.swift */ = {isa = PBXFileReference; lastKnownFileType = sourcecode.swift; path = AppDelegate.swift; sourceTree = "<group>"; };
		963383FE216ED9DC00C7C158 /* Assets.xcassets */ = {isa = PBXFileReference; lastKnownFileType = folder.assetcatalog; path = Assets.xcassets; sourceTree = "<group>"; };
		96338403216ED9DD00C7C158 /* Info.plist */ = {isa = PBXFileReference; lastKnownFileType = text.plist.xml; path = Info.plist; sourceTree = "<group>"; };
		96338408216ED9DD00C7C158 /* SkyMobileTests.xctest */ = {isa = PBXFileReference; explicitFileType = wrapper.cfbundle; includeInIndex = 0; path = SkyMobileTests.xctest; sourceTree = BUILT_PRODUCTS_DIR; };
		9633840E216ED9DD00C7C158 /* Info.plist */ = {isa = PBXFileReference; lastKnownFileType = text.plist.xml; path = Info.plist; sourceTree = "<group>"; };
		96338413216ED9DD00C7C158 /* SkyMobileUITests.xctest */ = {isa = PBXFileReference; explicitFileType = wrapper.cfbundle; includeInIndex = 0; path = SkyMobileUITests.xctest; sourceTree = BUILT_PRODUCTS_DIR; };
		96338419216ED9DD00C7C158 /* Info.plist */ = {isa = PBXFileReference; lastKnownFileType = text.plist.xml; path = Info.plist; sourceTree = "<group>"; };
		9636181921812F50002A8B2B /* LaunchScreen.storyboard */ = {isa = PBXFileReference; fileEncoding = 4; lastKnownFileType = file.storyboard; path = LaunchScreen.storyboard; sourceTree = "<group>"; };
		9636181A21812F51002A8B2B /* Login.storyboard */ = {isa = PBXFileReference; fileEncoding = 4; lastKnownFileType = file.storyboard; path = Login.storyboard; sourceTree = "<group>"; };
		9636181B21812F51002A8B2B /* FinalGradeDisplay.storyboard */ = {isa = PBXFileReference; fileEncoding = 4; lastKnownFileType = file.storyboard; path = FinalGradeDisplay.storyboard; sourceTree = "<group>"; };
		9636182121813063002A8B2B /* GPACalculatorViewController.swift */ = {isa = PBXFileReference; fileEncoding = 4; lastKnownFileType = sourcecode.swift; path = GPACalculatorViewController.swift; sourceTree = "<group>"; };
		963975B72190F35300BDE6F9 /* iAd.framework */ = {isa = PBXFileReference; lastKnownFileType = wrapper.framework; name = iAd.framework; path = System/Library/Frameworks/iAd.framework; sourceTree = SDKROOT; };
		96733C4D22B0391200CD6077 /* PreferenceLoader.swift */ = {isa = PBXFileReference; lastKnownFileType = sourcecode.swift; path = PreferenceLoader.swift; sourceTree = "<group>"; };
		96733C4F22B0392700CD6077 /* PreferenceBundle.swift */ = {isa = PBXFileReference; lastKnownFileType = sourcecode.swift; path = PreferenceBundle.swift; sourceTree = "<group>"; };
		967A998722AE0D180063155E /* preferences.json */ = {isa = PBXFileReference; fileEncoding = 4; lastKnownFileType = text.json; path = preferences.json; sourceTree = "<group>"; };
		969715EF221393A200B810DD /* SettingsViewController.swift */ = {isa = PBXFileReference; lastKnownFileType = sourcecode.swift; path = SettingsViewController.swift; sourceTree = "<group>"; };
		9697E226229060B300E0A2BF /* InhalationExercise.swift */ = {isa = PBXFileReference; lastKnownFileType = sourcecode.swift; path = InhalationExercise.swift; sourceTree = "<group>"; };
		9698792E216EDB8D00274869 /* GradientView.swift */ = {isa = PBXFileReference; fileEncoding = 4; lastKnownFileType = sourcecode.swift; path = GradientView.swift; sourceTree = "<group>"; };
		96987930216EDB8D00274869 /* Types.swift */ = {isa = PBXFileReference; fileEncoding = 4; lastKnownFileType = sourcecode.swift; path = Types.swift; sourceTree = "<group>"; };
		96987935216EDBA100274869 /* ViewController.swift */ = {isa = PBXFileReference; fileEncoding = 4; lastKnownFileType = sourcecode.swift; path = ViewController.swift; sourceTree = "<group>"; };
		96987937216EDBA100274869 /* ProgressReportAverages.swift */ = {isa = PBXFileReference; fileEncoding = 4; lastKnownFileType = sourcecode.swift; path = ProgressReportAverages.swift; sourceTree = "<group>"; };
		9699154F224C68340064D22F /* StressReliefAndEncouragement.storyboard */ = {isa = PBXFileReference; lastKnownFileType = file.storyboard; path = StressReliefAndEncouragement.storyboard; sourceTree = "<group>"; };
		96A289D62283A07D00AFDD3A /* SearchForDistrict.swift */ = {isa = PBXFileReference; lastKnownFileType = sourcecode.swift; path = SearchForDistrict.swift; sourceTree = "<group>"; };
		96AD03F421795B4A0057066D /* DetailedAssignmentViewController.swift */ = {isa = PBXFileReference; lastKnownFileType = sourcecode.swift; path = DetailedAssignmentViewController.swift; sourceTree = "<group>"; };
		96AD03F621795F6B0057066D /* ImportantUtils.swift */ = {isa = PBXFileReference; lastKnownFileType = sourcecode.swift; path = ImportantUtils.swift; sourceTree = "<group>"; };
		96AEE145222EBBF800A3C0DE /* LocalAuthentication.framework */ = {isa = PBXFileReference; lastKnownFileType = wrapper.framework; name = LocalAuthentication.framework; path = System/Library/Frameworks/LocalAuthentication.framework; sourceTree = SDKROOT; };
		96B58349228718DC00572D80 /* OfflineGradeStorageManager.swift */ = {isa = PBXFileReference; lastKnownFileType = sourcecode.swift; path = OfflineGradeStorageManager.swift; sourceTree = "<group>"; };
		96D32901228B75FD002816A6 /* Launcher.storyboard */ = {isa = PBXFileReference; lastKnownFileType = file.storyboard; path = Launcher.storyboard; sourceTree = "<group>"; };
		96D32904228B7B49002816A6 /* LaunchingScreen.swift */ = {isa = PBXFileReference; lastKnownFileType = sourcecode.swift; path = LaunchingScreen.swift; sourceTree = "<group>"; };
		96DE3F83223AC4C900D2B715 /* ModernDetailedAssignmentViewController.swift */ = {isa = PBXFileReference; lastKnownFileType = sourcecode.swift; path = ModernDetailedAssignmentViewController.swift; sourceTree = "<group>"; };
		96E15B8522382BE200A959EC /* ModernUITabController.swift */ = {isa = PBXFileReference; lastKnownFileType = sourcecode.swift; path = ModernUITabController.swift; sourceTree = "<group>"; };
		96F1BF25B5EDCC423CF69C33 /* Pods-SkyMobileTests.debug.xcconfig */ = {isa = PBXFileReference; includeInIndex = 1; lastKnownFileType = text.xcconfig; name = "Pods-SkyMobileTests.debug.xcconfig"; path = "Pods/Target Support Files/Pods-SkyMobileTests/Pods-SkyMobileTests.debug.xcconfig"; sourceTree = "<group>"; };
		96FC4856222B7D76007645DD /* LegacyClassScraperAPI.swift */ = {isa = PBXFileReference; lastKnownFileType = sourcecode.swift; path = LegacyClassScraperAPI.swift; sourceTree = "<group>"; };
		9810368939E2DD17FF58FA56 /* Pods-SkyMobileTests.release.xcconfig */ = {isa = PBXFileReference; includeInIndex = 1; lastKnownFileType = text.xcconfig; name = "Pods-SkyMobileTests.release.xcconfig"; path = "Pods/Target Support Files/Pods-SkyMobileTests/Pods-SkyMobileTests.release.xcconfig"; sourceTree = "<group>"; };
		CADC84CC32D12ADB14ECC7AC /* Pods-SkyMobileUITests.debug.xcconfig */ = {isa = PBXFileReference; includeInIndex = 1; lastKnownFileType = text.xcconfig; name = "Pods-SkyMobileUITests.debug.xcconfig"; path = "Pods/Target Support Files/Pods-SkyMobileUITests/Pods-SkyMobileUITests.debug.xcconfig"; sourceTree = "<group>"; };
		E28CEA9F4BCB5371598633B0 /* libPods-SkyMobileTests.a */ = {isa = PBXFileReference; explicitFileType = archive.ar; includeInIndex = 0; path = "libPods-SkyMobileTests.a"; sourceTree = BUILT_PRODUCTS_DIR; };
/* End PBXFileReference section */

/* Begin PBXFrameworksBuildPhase section */
		963383F1216ED9DA00C7C158 /* Frameworks */ = {
			isa = PBXFrameworksBuildPhase;
			buildActionMask = 2147483647;
			files = (
				96AEE146222EBBF800A3C0DE /* LocalAuthentication.framework in Frameworks */,
				1BECEB46C569F9A113281945 /* libPods-SkyMobile.a in Frameworks */,
			);
			runOnlyForDeploymentPostprocessing = 0;
		};
		96338405216ED9DD00C7C158 /* Frameworks */ = {
			isa = PBXFrameworksBuildPhase;
			buildActionMask = 2147483647;
			files = (
				F05E766E2EC69175035230B4 /* libPods-SkyMobileTests.a in Frameworks */,
			);
			runOnlyForDeploymentPostprocessing = 0;
		};
		96338410216ED9DD00C7C158 /* Frameworks */ = {
			isa = PBXFrameworksBuildPhase;
			buildActionMask = 2147483647;
			files = (
				C78E9EB6305D87A224BB97E6 /* libPods-SkyMobileUITests.a in Frameworks */,
			);
			runOnlyForDeploymentPostprocessing = 0;
		};
/* End PBXFrameworksBuildPhase section */

/* Begin PBXGroup section */
		86862E91DC40F4CE99C1CC91 /* Frameworks */ = {
			isa = PBXGroup;
			children = (
				96AEE145222EBBF800A3C0DE /* LocalAuthentication.framework */,
				963975B72190F35300BDE6F9 /* iAd.framework */,
				817E8D4846C63EC3810B4C6C /* libPods-SkyMobile.a */,
				E28CEA9F4BCB5371598633B0 /* libPods-SkyMobileTests.a */,
				7DF8E9D4C388809B10EFADDE /* libPods-SkyMobileUITests.a */,
			);
			name = Frameworks;
			sourceTree = "<group>";
		};
		963383EB216ED9DA00C7C158 = {
			isa = PBXGroup;
			children = (
				963383F6216ED9DA00C7C158 /* SkyMobile */,
				9633840B216ED9DD00C7C158 /* SkyMobileTests */,
				96338416216ED9DD00C7C158 /* SkyMobileUITests */,
				963383F5216ED9DA00C7C158 /* Products */,
				A1F307161849D17B24DCD98E /* Pods */,
				86862E91DC40F4CE99C1CC91 /* Frameworks */,
			);
			sourceTree = "<group>";
		};
		963383F5216ED9DA00C7C158 /* Products */ = {
			isa = PBXGroup;
			children = (
				963383F4216ED9DA00C7C158 /* SkyMobile.app */,
				96338408216ED9DD00C7C158 /* SkyMobileTests.xctest */,
				96338413216ED9DD00C7C158 /* SkyMobileUITests.xctest */,
			);
			name = Products;
			sourceTree = "<group>";
		};
		963383F6216ED9DA00C7C158 /* SkyMobile */ = {
			isa = PBXGroup;
			children = (
				96987938216EDBA100274869 /* Storyboards */,
				96987934216EDBA100274869 /* ViewControllers */,
				9697E2252290607000E0A2BF /* Stress Relief */,
				9698792D216EDB8D00274869 /* Important Utility Classes */,
				963383FE216ED9DC00C7C158 /* Assets.xcassets */,
				963383F7216ED9DA00C7C158 /* AppDelegate.swift */,
				96338403216ED9DD00C7C158 /* Info.plist */,
			);
			path = SkyMobile;
			sourceTree = "<group>";
		};
		9633840B216ED9DD00C7C158 /* SkyMobileTests */ = {
			isa = PBXGroup;
			children = (
				9633840E216ED9DD00C7C158 /* Info.plist */,
			);
			path = SkyMobileTests;
			sourceTree = "<group>";
		};
		96338416216ED9DD00C7C158 /* SkyMobileUITests */ = {
			isa = PBXGroup;
			children = (
				96338419216ED9DD00C7C158 /* Info.plist */,
			);
			path = SkyMobileUITests;
			sourceTree = "<group>";
		};
		96733C4B22B038A500CD6077 /* SkyMobile Specific */ = {
			isa = PBXGroup;
			children = (
				96987930216EDB8D00274869 /* Types.swift */,
				96AD03F621795F6B0057066D /* ImportantUtils.swift */,
				961F297A22715DD4001BE296 /* LatestVersionChecker.swift */,
				96B58349228718DC00572D80 /* OfflineGradeStorageManager.swift */,
			);
			path = "SkyMobile Specific";
			sourceTree = "<group>";
		};
		96733C4C22B038BB00CD6077 /* Universal */ = {
			isa = PBXGroup;
			children = (
				96FC4856222B7D76007645DD /* LegacyClassScraperAPI.swift */,
				96733C4D22B0391200CD6077 /* PreferenceLoader.swift */,
				96733C4F22B0392700CD6077 /* PreferenceBundle.swift */,
			);
			path = Universal;
			sourceTree = "<group>";
		};
		9697E2252290607000E0A2BF /* Stress Relief */ = {
			isa = PBXGroup;
			children = (
				9697E226229060B300E0A2BF /* InhalationExercise.swift */,
			);
			path = "Stress Relief";
			sourceTree = "<group>";
		};
		9698792D216EDB8D00274869 /* Important Utility Classes */ = {
			isa = PBXGroup;
			children = (
				96733C4C22B038BB00CD6077 /* Universal */,
				96733C4B22B038A500CD6077 /* SkyMobile Specific */,
			);
			path = "Important Utility Classes";
			sourceTree = "<group>";
		};
		96987934216EDBA100274869 /* ViewControllers */ = {
			isa = PBXGroup;
			children = (
				96D32903228B7B12002816A6 /* Launching Screen */,
				96E06FF3224EC2C200B42E7C /* Skyward Navigation */,
				96E06FF4224EC2E800B42E7C /* Other Views */,
			);
			path = ViewControllers;
			sourceTree = "<group>";
		};
		96987938216EDBA100274869 /* Storyboards */ = {
			isa = PBXGroup;
			children = (
				9636181921812F50002A8B2B /* LaunchScreen.storyboard */,
				96D32901228B75FD002816A6 /* Launcher.storyboard */,
				9636181A21812F51002A8B2B /* Login.storyboard */,
				9636181B21812F51002A8B2B /* FinalGradeDisplay.storyboard */,
				9699154F224C68340064D22F /* StressReliefAndEncouragement.storyboard */,
			);
			path = Storyboards;
			sourceTree = "<group>";
		};
		96D32903228B7B12002816A6 /* Launching Screen */ = {
			isa = PBXGroup;
			children = (
				96D32904228B7B49002816A6 /* LaunchingScreen.swift */,
			);
			path = "Launching Screen";
			sourceTree = "<group>";
		};
		96E06FF3224EC2C200B42E7C /* Skyward Navigation */ = {
			isa = PBXGroup;
			children = (
				96987935216EDBA100274869 /* ViewController.swift */,
				961F297C22715FB6001BE296 /* DistrictPickerView.swift */,
				96987937216EDBA100274869 /* ProgressReportAverages.swift */,
				961317A02173019E0018684F /* ViewAssignments.swift */,
				96AD03F421795B4A0057066D /* DetailedAssignmentViewController.swift */,
				96DE3F83223AC4C900D2B715 /* ModernDetailedAssignmentViewController.swift */,
			);
			path = "Skyward Navigation";
			sourceTree = "<group>";
		};
		96E06FF4224EC2E800B42E7C /* Other Views */ = {
			isa = PBXGroup;
			children = (
				9698792E216EDB8D00274869 /* GradientView.swift */,
				969715EF221393A200B810DD /* SettingsViewController.swift */,
				967A998722AE0D180063155E /* preferences.json */,
				96E15B8522382BE200A959EC /* ModernUITabController.swift */,
				9636182121813063002A8B2B /* GPACalculatorViewController.swift */,
				96A289D62283A07D00AFDD3A /* SearchForDistrict.swift */,
			);
			path = "Other Views";
			sourceTree = "<group>";
		};
		A1F307161849D17B24DCD98E /* Pods */ = {
			isa = PBXGroup;
			children = (
				4BD4A5B8D9F348C87AD96051 /* Pods-SkyMobile.debug.xcconfig */,
				5DCF54703ABFFC5006713751 /* Pods-SkyMobile.release.xcconfig */,
				96F1BF25B5EDCC423CF69C33 /* Pods-SkyMobileTests.debug.xcconfig */,
				9810368939E2DD17FF58FA56 /* Pods-SkyMobileTests.release.xcconfig */,
				CADC84CC32D12ADB14ECC7AC /* Pods-SkyMobileUITests.debug.xcconfig */,
				5187BD4E98B14D527C912BA9 /* Pods-SkyMobileUITests.release.xcconfig */,
			);
			name = Pods;
			sourceTree = "<group>";
		};
/* End PBXGroup section */

/* Begin PBXNativeTarget section */
		963383F3216ED9DA00C7C158 /* SkyMobile */ = {
			isa = PBXNativeTarget;
			buildConfigurationList = 9633841C216ED9DD00C7C158 /* Build configuration list for PBXNativeTarget "SkyMobile" */;
			buildPhases = (
				FF0601F426FFE17DB1F129D9 /* [CP] Check Pods Manifest.lock */,
				963383F0216ED9DA00C7C158 /* Sources */,
				963383F1216ED9DA00C7C158 /* Frameworks */,
				963383F2216ED9DA00C7C158 /* Resources */,
			);
			buildRules = (
			);
			dependencies = (
			);
			name = SkyMobile;
			productName = SkyMobile;
			productReference = 963383F4216ED9DA00C7C158 /* SkyMobile.app */;
			productType = "com.apple.product-type.application";
		};
		96338407216ED9DD00C7C158 /* SkyMobileTests */ = {
			isa = PBXNativeTarget;
			buildConfigurationList = 9633841F216ED9DD00C7C158 /* Build configuration list for PBXNativeTarget "SkyMobileTests" */;
			buildPhases = (
				E16F68F636406BC47FCB15D8 /* [CP] Check Pods Manifest.lock */,
				96338404216ED9DD00C7C158 /* Sources */,
				96338405216ED9DD00C7C158 /* Frameworks */,
				96338406216ED9DD00C7C158 /* Resources */,
			);
			buildRules = (
			);
			dependencies = (
				9633840A216ED9DD00C7C158 /* PBXTargetDependency */,
			);
			name = SkyMobileTests;
			productName = SkyMobileTests;
			productReference = 96338408216ED9DD00C7C158 /* SkyMobileTests.xctest */;
			productType = "com.apple.product-type.bundle.unit-test";
		};
		96338412216ED9DD00C7C158 /* SkyMobileUITests */ = {
			isa = PBXNativeTarget;
			buildConfigurationList = 96338422216ED9DD00C7C158 /* Build configuration list for PBXNativeTarget "SkyMobileUITests" */;
			buildPhases = (
				82B26A79300953D90FC7D25B /* [CP] Check Pods Manifest.lock */,
				9633840F216ED9DD00C7C158 /* Sources */,
				96338410216ED9DD00C7C158 /* Frameworks */,
				96338411216ED9DD00C7C158 /* Resources */,
			);
			buildRules = (
			);
			dependencies = (
				96338415216ED9DD00C7C158 /* PBXTargetDependency */,
			);
			name = SkyMobileUITests;
			productName = SkyMobileUITests;
			productReference = 96338413216ED9DD00C7C158 /* SkyMobileUITests.xctest */;
			productType = "com.apple.product-type.bundle.ui-testing";
		};
/* End PBXNativeTarget section */

/* Begin PBXProject section */
		963383EC216ED9DA00C7C158 /* Project object */ = {
			isa = PBXProject;
			attributes = {
				LastSwiftUpdateCheck = 1000;
				LastUpgradeCheck = 1000;
				ORGANIZATIONNAME = "Hunter Han";
				TargetAttributes = {
					963383F3216ED9DA00C7C158 = {
						CreatedOnToolsVersion = 10.0;
					};
					96338407216ED9DD00C7C158 = {
						CreatedOnToolsVersion = 10.0;
						TestTargetID = 963383F3216ED9DA00C7C158;
					};
					96338412216ED9DD00C7C158 = {
						CreatedOnToolsVersion = 10.0;
						TestTargetID = 963383F3216ED9DA00C7C158;
					};
				};
			};
			buildConfigurationList = 963383EF216ED9DA00C7C158 /* Build configuration list for PBXProject "SkyMobile" */;
			compatibilityVersion = "Xcode 9.3";
			developmentRegion = en;
			hasScannedForEncodings = 0;
			knownRegions = (
				en,
				Base,
			);
			mainGroup = 963383EB216ED9DA00C7C158;
			productRefGroup = 963383F5216ED9DA00C7C158 /* Products */;
			projectDirPath = "";
			projectRoot = "";
			targets = (
				963383F3216ED9DA00C7C158 /* SkyMobile */,
				96338407216ED9DD00C7C158 /* SkyMobileTests */,
				96338412216ED9DD00C7C158 /* SkyMobileUITests */,
			);
		};
/* End PBXProject section */

/* Begin PBXResourcesBuildPhase section */
		963383F2216ED9DA00C7C158 /* Resources */ = {
			isa = PBXResourcesBuildPhase;
			buildActionMask = 2147483647;
			files = (
				9636181E21812F51002A8B2B /* Login.storyboard in Resources */,
				963383FF216ED9DC00C7C158 /* Assets.xcassets in Resources */,
				96991550224C68340064D22F /* StressReliefAndEncouragement.storyboard in Resources */,
				9636181F21812F51002A8B2B /* FinalGradeDisplay.storyboard in Resources */,
				967A998822AE0D180063155E /* preferences.json in Resources */,
				9636181D21812F51002A8B2B /* LaunchScreen.storyboard in Resources */,
				96D32902228B75FD002816A6 /* Launcher.storyboard in Resources */,
			);
			runOnlyForDeploymentPostprocessing = 0;
		};
		96338406216ED9DD00C7C158 /* Resources */ = {
			isa = PBXResourcesBuildPhase;
			buildActionMask = 2147483647;
			files = (
			);
			runOnlyForDeploymentPostprocessing = 0;
		};
		96338411216ED9DD00C7C158 /* Resources */ = {
			isa = PBXResourcesBuildPhase;
			buildActionMask = 2147483647;
			files = (
			);
			runOnlyForDeploymentPostprocessing = 0;
		};
/* End PBXResourcesBuildPhase section */

/* Begin PBXShellScriptBuildPhase section */
		82B26A79300953D90FC7D25B /* [CP] Check Pods Manifest.lock */ = {
			isa = PBXShellScriptBuildPhase;
			buildActionMask = 2147483647;
			files = (
			);
			inputFileListPaths = (
			);
			inputPaths = (
				"${PODS_PODFILE_DIR_PATH}/Podfile.lock",
				"${PODS_ROOT}/Manifest.lock",
			);
			name = "[CP] Check Pods Manifest.lock";
			outputFileListPaths = (
			);
			outputPaths = (
				"$(DERIVED_FILE_DIR)/Pods-SkyMobileUITests-checkManifestLockResult.txt",
			);
			runOnlyForDeploymentPostprocessing = 0;
			shellPath = /bin/sh;
			shellScript = "diff \"${PODS_PODFILE_DIR_PATH}/Podfile.lock\" \"${PODS_ROOT}/Manifest.lock\" > /dev/null\nif [ $? != 0 ] ; then\n    # print error to STDERR\n    echo \"error: The sandbox is not in sync with the Podfile.lock. Run 'pod install' or update your CocoaPods installation.\" >&2\n    exit 1\nfi\n# This output is used by Xcode 'outputs' to avoid re-running this script phase.\necho \"SUCCESS\" > \"${SCRIPT_OUTPUT_FILE_0}\"\n";
			showEnvVarsInLog = 0;
		};
		E16F68F636406BC47FCB15D8 /* [CP] Check Pods Manifest.lock */ = {
			isa = PBXShellScriptBuildPhase;
			buildActionMask = 2147483647;
			files = (
			);
			inputFileListPaths = (
			);
			inputPaths = (
				"${PODS_PODFILE_DIR_PATH}/Podfile.lock",
				"${PODS_ROOT}/Manifest.lock",
			);
			name = "[CP] Check Pods Manifest.lock";
			outputFileListPaths = (
			);
			outputPaths = (
				"$(DERIVED_FILE_DIR)/Pods-SkyMobileTests-checkManifestLockResult.txt",
			);
			runOnlyForDeploymentPostprocessing = 0;
			shellPath = /bin/sh;
			shellScript = "diff \"${PODS_PODFILE_DIR_PATH}/Podfile.lock\" \"${PODS_ROOT}/Manifest.lock\" > /dev/null\nif [ $? != 0 ] ; then\n    # print error to STDERR\n    echo \"error: The sandbox is not in sync with the Podfile.lock. Run 'pod install' or update your CocoaPods installation.\" >&2\n    exit 1\nfi\n# This output is used by Xcode 'outputs' to avoid re-running this script phase.\necho \"SUCCESS\" > \"${SCRIPT_OUTPUT_FILE_0}\"\n";
			showEnvVarsInLog = 0;
		};
		FF0601F426FFE17DB1F129D9 /* [CP] Check Pods Manifest.lock */ = {
			isa = PBXShellScriptBuildPhase;
			buildActionMask = 2147483647;
			files = (
			);
			inputFileListPaths = (
			);
			inputPaths = (
				"${PODS_PODFILE_DIR_PATH}/Podfile.lock",
				"${PODS_ROOT}/Manifest.lock",
			);
			name = "[CP] Check Pods Manifest.lock";
			outputFileListPaths = (
			);
			outputPaths = (
				"$(DERIVED_FILE_DIR)/Pods-SkyMobile-checkManifestLockResult.txt",
			);
			runOnlyForDeploymentPostprocessing = 0;
			shellPath = /bin/sh;
			shellScript = "diff \"${PODS_PODFILE_DIR_PATH}/Podfile.lock\" \"${PODS_ROOT}/Manifest.lock\" > /dev/null\nif [ $? != 0 ] ; then\n    # print error to STDERR\n    echo \"error: The sandbox is not in sync with the Podfile.lock. Run 'pod install' or update your CocoaPods installation.\" >&2\n    exit 1\nfi\n# This output is used by Xcode 'outputs' to avoid re-running this script phase.\necho \"SUCCESS\" > \"${SCRIPT_OUTPUT_FILE_0}\"\n";
			showEnvVarsInLog = 0;
		};
/* End PBXShellScriptBuildPhase section */

/* Begin PBXSourcesBuildPhase section */
		963383F0216ED9DA00C7C158 /* Sources */ = {
			isa = PBXSourcesBuildPhase;
			buildActionMask = 2147483647;
			files = (
				961F297B22715DD4001BE296 /* LatestVersionChecker.swift in Sources */,
				9698793F216EDBA100274869 /* ViewController.swift in Sources */,
				96AD03F721795F6B0057066D /* ImportantUtils.swift in Sources */,
				96987933216EDB8D00274869 /* Types.swift in Sources */,
				969715F0221393A200B810DD /* SettingsViewController.swift in Sources */,
				96A289D72283A07D00AFDD3A /* SearchForDistrict.swift in Sources */,
				961F297D22715FB6001BE296 /* DistrictPickerView.swift in Sources */,
				9636182221813063002A8B2B /* GPACalculatorViewController.swift in Sources */,
				96AD03F521795B4A0057066D /* DetailedAssignmentViewController.swift in Sources */,
				96987941216EDBA100274869 /* ProgressReportAverages.swift in Sources */,
				96FC4857222B7D76007645DD /* LegacyClassScraperAPI.swift in Sources */,
				96733C4E22B0391200CD6077 /* PreferenceLoader.swift in Sources */,
				96E15B8622382BE200A959EC /* ModernUITabController.swift in Sources */,
				963383F8216ED9DA00C7C158 /* AppDelegate.swift in Sources */,
				96B5834A228718DC00572D80 /* OfflineGradeStorageManager.swift in Sources */,
				96987931216EDB8D00274869 /* GradientView.swift in Sources */,
				96D32905228B7B49002816A6 /* LaunchingScreen.swift in Sources */,
				961317A12173019E0018684F /* ViewAssignments.swift in Sources */,
				9697E227229060B300E0A2BF /* InhalationExercise.swift in Sources */,
				96733C5022B0392700CD6077 /* PreferenceBundle.swift in Sources */,
				96DE3F84223AC4C900D2B715 /* ModernDetailedAssignmentViewController.swift in Sources */,
			);
			runOnlyForDeploymentPostprocessing = 0;
		};
		96338404216ED9DD00C7C158 /* Sources */ = {
			isa = PBXSourcesBuildPhase;
			buildActionMask = 2147483647;
			files = (
			);
			runOnlyForDeploymentPostprocessing = 0;
		};
		9633840F216ED9DD00C7C158 /* Sources */ = {
			isa = PBXSourcesBuildPhase;
			buildActionMask = 2147483647;
			files = (
			);
			runOnlyForDeploymentPostprocessing = 0;
		};
/* End PBXSourcesBuildPhase section */

/* Begin PBXTargetDependency section */
		9633840A216ED9DD00C7C158 /* PBXTargetDependency */ = {
			isa = PBXTargetDependency;
			target = 963383F3216ED9DA00C7C158 /* SkyMobile */;
			targetProxy = 96338409216ED9DD00C7C158 /* PBXContainerItemProxy */;
		};
		96338415216ED9DD00C7C158 /* PBXTargetDependency */ = {
			isa = PBXTargetDependency;
			target = 963383F3216ED9DA00C7C158 /* SkyMobile */;
			targetProxy = 96338414216ED9DD00C7C158 /* PBXContainerItemProxy */;
		};
/* End PBXTargetDependency section */

/* Begin XCBuildConfiguration section */
		9633841A216ED9DD00C7C158 /* Debug */ = {
			isa = XCBuildConfiguration;
			buildSettings = {
				ALWAYS_SEARCH_USER_PATHS = NO;
				CLANG_ANALYZER_NONNULL = YES;
				CLANG_ANALYZER_NUMBER_OBJECT_CONVERSION = YES_AGGRESSIVE;
				CLANG_CXX_LANGUAGE_STANDARD = "gnu++14";
				CLANG_CXX_LIBRARY = "libc++";
				CLANG_ENABLE_MODULES = YES;
				CLANG_ENABLE_OBJC_ARC = YES;
				CLANG_ENABLE_OBJC_WEAK = YES;
				CLANG_WARN_BLOCK_CAPTURE_AUTORELEASING = YES;
				CLANG_WARN_BOOL_CONVERSION = YES;
				CLANG_WARN_COMMA = YES;
				CLANG_WARN_CONSTANT_CONVERSION = YES;
				CLANG_WARN_DEPRECATED_OBJC_IMPLEMENTATIONS = YES;
				CLANG_WARN_DIRECT_OBJC_ISA_USAGE = YES_ERROR;
				CLANG_WARN_DOCUMENTATION_COMMENTS = YES;
				CLANG_WARN_EMPTY_BODY = YES;
				CLANG_WARN_ENUM_CONVERSION = YES;
				CLANG_WARN_INFINITE_RECURSION = YES;
				CLANG_WARN_INT_CONVERSION = YES;
				CLANG_WARN_NON_LITERAL_NULL_CONVERSION = YES;
				CLANG_WARN_OBJC_IMPLICIT_RETAIN_SELF = YES;
				CLANG_WARN_OBJC_LITERAL_CONVERSION = YES;
				CLANG_WARN_OBJC_ROOT_CLASS = YES_ERROR;
				CLANG_WARN_RANGE_LOOP_ANALYSIS = YES;
				CLANG_WARN_STRICT_PROTOTYPES = YES;
				CLANG_WARN_SUSPICIOUS_MOVE = YES;
				CLANG_WARN_UNGUARDED_AVAILABILITY = YES_AGGRESSIVE;
				CLANG_WARN_UNREACHABLE_CODE = YES;
				CLANG_WARN__DUPLICATE_METHOD_MATCH = YES;
				CODE_SIGN_IDENTITY = "iPhone Developer";
				COPY_PHASE_STRIP = NO;
				DEBUG_INFORMATION_FORMAT = dwarf;
				ENABLE_STRICT_OBJC_MSGSEND = YES;
				ENABLE_TESTABILITY = YES;
				GCC_C_LANGUAGE_STANDARD = gnu11;
				GCC_DYNAMIC_NO_PIC = NO;
				GCC_NO_COMMON_BLOCKS = YES;
				GCC_OPTIMIZATION_LEVEL = 0;
				GCC_PREPROCESSOR_DEFINITIONS = (
					"DEBUG=1",
					"$(inherited)",
				);
				GCC_WARN_64_TO_32_BIT_CONVERSION = YES;
				GCC_WARN_ABOUT_RETURN_TYPE = YES_ERROR;
				GCC_WARN_UNDECLARED_SELECTOR = YES;
				GCC_WARN_UNINITIALIZED_AUTOS = YES_AGGRESSIVE;
				GCC_WARN_UNUSED_FUNCTION = YES;
				GCC_WARN_UNUSED_VARIABLE = YES;
				IPHONEOS_DEPLOYMENT_TARGET = 12.0;
				MTL_ENABLE_DEBUG_INFO = INCLUDE_SOURCE;
				MTL_FAST_MATH = YES;
				ONLY_ACTIVE_ARCH = YES;
				SDKROOT = iphoneos;
				SWIFT_ACTIVE_COMPILATION_CONDITIONS = DEBUG;
				SWIFT_OPTIMIZATION_LEVEL = "-Onone";
				SWIFT_VERSION = 5.0;
			};
			name = Debug;
		};
		9633841B216ED9DD00C7C158 /* Release */ = {
			isa = XCBuildConfiguration;
			buildSettings = {
				ALWAYS_SEARCH_USER_PATHS = NO;
				CLANG_ANALYZER_NONNULL = YES;
				CLANG_ANALYZER_NUMBER_OBJECT_CONVERSION = YES_AGGRESSIVE;
				CLANG_CXX_LANGUAGE_STANDARD = "gnu++14";
				CLANG_CXX_LIBRARY = "libc++";
				CLANG_ENABLE_MODULES = YES;
				CLANG_ENABLE_OBJC_ARC = YES;
				CLANG_ENABLE_OBJC_WEAK = YES;
				CLANG_WARN_BLOCK_CAPTURE_AUTORELEASING = YES;
				CLANG_WARN_BOOL_CONVERSION = YES;
				CLANG_WARN_COMMA = YES;
				CLANG_WARN_CONSTANT_CONVERSION = YES;
				CLANG_WARN_DEPRECATED_OBJC_IMPLEMENTATIONS = YES;
				CLANG_WARN_DIRECT_OBJC_ISA_USAGE = YES_ERROR;
				CLANG_WARN_DOCUMENTATION_COMMENTS = YES;
				CLANG_WARN_EMPTY_BODY = YES;
				CLANG_WARN_ENUM_CONVERSION = YES;
				CLANG_WARN_INFINITE_RECURSION = YES;
				CLANG_WARN_INT_CONVERSION = YES;
				CLANG_WARN_NON_LITERAL_NULL_CONVERSION = YES;
				CLANG_WARN_OBJC_IMPLICIT_RETAIN_SELF = YES;
				CLANG_WARN_OBJC_LITERAL_CONVERSION = YES;
				CLANG_WARN_OBJC_ROOT_CLASS = YES_ERROR;
				CLANG_WARN_RANGE_LOOP_ANALYSIS = YES;
				CLANG_WARN_STRICT_PROTOTYPES = YES;
				CLANG_WARN_SUSPICIOUS_MOVE = YES;
				CLANG_WARN_UNGUARDED_AVAILABILITY = YES_AGGRESSIVE;
				CLANG_WARN_UNREACHABLE_CODE = YES;
				CLANG_WARN__DUPLICATE_METHOD_MATCH = YES;
				CODE_SIGN_IDENTITY = "iPhone Developer";
				COPY_PHASE_STRIP = NO;
				DEBUG_INFORMATION_FORMAT = "dwarf-with-dsym";
				ENABLE_NS_ASSERTIONS = NO;
				ENABLE_STRICT_OBJC_MSGSEND = YES;
				GCC_C_LANGUAGE_STANDARD = gnu11;
				GCC_NO_COMMON_BLOCKS = YES;
				GCC_WARN_64_TO_32_BIT_CONVERSION = YES;
				GCC_WARN_ABOUT_RETURN_TYPE = YES_ERROR;
				GCC_WARN_UNDECLARED_SELECTOR = YES;
				GCC_WARN_UNINITIALIZED_AUTOS = YES_AGGRESSIVE;
				GCC_WARN_UNUSED_FUNCTION = YES;
				GCC_WARN_UNUSED_VARIABLE = YES;
				IPHONEOS_DEPLOYMENT_TARGET = 12.0;
				MTL_ENABLE_DEBUG_INFO = NO;
				MTL_FAST_MATH = YES;
				SDKROOT = iphoneos;
				SWIFT_COMPILATION_MODE = wholemodule;
				SWIFT_OPTIMIZATION_LEVEL = "-O";
				SWIFT_VERSION = 5.0;
				VALIDATE_PRODUCT = YES;
			};
			name = Release;
		};
		9633841D216ED9DD00C7C158 /* Debug */ = {
			isa = XCBuildConfiguration;
			baseConfigurationReference = 4BD4A5B8D9F348C87AD96051 /* Pods-SkyMobile.debug.xcconfig */;
			buildSettings = {
				ASSETCATALOG_COMPILER_APPICON_NAME = AppIcon;
				CODE_SIGN_ENTITLEMENTS = "";
				CODE_SIGN_IDENTITY = "iPhone Developer";
				CODE_SIGN_INJECT_BASE_ENTITLEMENTS = YES;
				CODE_SIGN_STYLE = Automatic;
				DEVELOPMENT_TEAM = N74E93PMQ8;
				INFOPLIST_FILE = SkyMobile/Info.plist;
				IPHONEOS_DEPLOYMENT_TARGET = 10.0;
				LD_RUNPATH_SEARCH_PATHS = (
					"$(inherited)",
					"@executable_path/Frameworks",
				);
				MARKETING_VERSION = 2.3.5;
				PRODUCT_BUNDLE_IDENTIFIER = com.SkyMobile.SkyMobile;
				PRODUCT_NAME = "$(TARGET_NAME)";
				PROVISIONING_PROFILE_SPECIFIER = "";
				SWIFT_VERSION = 5.0;
				TARGETED_DEVICE_FAMILY = 1;
			};
			name = Debug;
		};
		9633841E216ED9DD00C7C158 /* Release */ = {
			isa = XCBuildConfiguration;
			baseConfigurationReference = 5DCF54703ABFFC5006713751 /* Pods-SkyMobile.release.xcconfig */;
			buildSettings = {
				ASSETCATALOG_COMPILER_APPICON_NAME = AppIcon;
				CODE_SIGN_ENTITLEMENTS = "";
				CODE_SIGN_IDENTITY = "iPhone Developer";
				CODE_SIGN_INJECT_BASE_ENTITLEMENTS = YES;
				CODE_SIGN_STYLE = Automatic;
				DEVELOPMENT_TEAM = N74E93PMQ8;
				INFOPLIST_FILE = SkyMobile/Info.plist;
				IPHONEOS_DEPLOYMENT_TARGET = 10.0;
				LD_RUNPATH_SEARCH_PATHS = (
					"$(inherited)",
					"@executable_path/Frameworks",
				);
				MARKETING_VERSION = 2.3.5;
				PRODUCT_BUNDLE_IDENTIFIER = com.SkyMobile.SkyMobile;
				PRODUCT_NAME = "$(TARGET_NAME)";
				PROVISIONING_PROFILE_SPECIFIER = "";
				SWIFT_VERSION = 5.0;
				TARGETED_DEVICE_FAMILY = 1;
			};
			name = Release;
		};
		96338420216ED9DD00C7C158 /* Debug */ = {
			isa = XCBuildConfiguration;
			baseConfigurationReference = 96F1BF25B5EDCC423CF69C33 /* Pods-SkyMobileTests.debug.xcconfig */;
			buildSettings = {
				ALWAYS_EMBED_SWIFT_STANDARD_LIBRARIES = YES;
				BUNDLE_LOADER = "$(TEST_HOST)";
				CODE_SIGN_STYLE = Automatic;
				DEVELOPMENT_TEAM = N74E93PMQ8;
				INFOPLIST_FILE = SkyMobileTests/Info.plist;
				LD_RUNPATH_SEARCH_PATHS = (
					"$(inherited)",
					"@executable_path/Frameworks",
					"@loader_path/Frameworks",
				);
				PRODUCT_BUNDLE_IDENTIFIER = com.Imalols.SkyMobileTests;
				PRODUCT_NAME = "$(TARGET_NAME)";
				SWIFT_VERSION = 4.2;
				TARGETED_DEVICE_FAMILY = "1,2";
				TEST_HOST = "$(BUILT_PRODUCTS_DIR)/SkyMobile.app/SkyMobile";
			};
			name = Debug;
		};
		96338421216ED9DD00C7C158 /* Release */ = {
			isa = XCBuildConfiguration;
			baseConfigurationReference = 9810368939E2DD17FF58FA56 /* Pods-SkyMobileTests.release.xcconfig */;
			buildSettings = {
				ALWAYS_EMBED_SWIFT_STANDARD_LIBRARIES = YES;
				BUNDLE_LOADER = "$(TEST_HOST)";
				CODE_SIGN_STYLE = Automatic;
				DEVELOPMENT_TEAM = N74E93PMQ8;
				INFOPLIST_FILE = SkyMobileTests/Info.plist;
				LD_RUNPATH_SEARCH_PATHS = (
					"$(inherited)",
					"@executable_path/Frameworks",
					"@loader_path/Frameworks",
				);
				PRODUCT_BUNDLE_IDENTIFIER = com.Imalols.SkyMobileTests;
				PRODUCT_NAME = "$(TARGET_NAME)";
				SWIFT_VERSION = 4.2;
				TARGETED_DEVICE_FAMILY = "1,2";
				TEST_HOST = "$(BUILT_PRODUCTS_DIR)/SkyMobile.app/SkyMobile";
			};
			name = Release;
		};
		96338423216ED9DD00C7C158 /* Debug */ = {
			isa = XCBuildConfiguration;
			baseConfigurationReference = CADC84CC32D12ADB14ECC7AC /* Pods-SkyMobileUITests.debug.xcconfig */;
			buildSettings = {
				ALWAYS_EMBED_SWIFT_STANDARD_LIBRARIES = YES;
				CODE_SIGN_STYLE = Automatic;
				DEVELOPMENT_TEAM = N74E93PMQ8;
				INFOPLIST_FILE = SkyMobileUITests/Info.plist;
				LD_RUNPATH_SEARCH_PATHS = (
					"$(inherited)",
					"@executable_path/Frameworks",
					"@loader_path/Frameworks",
				);
				PRODUCT_BUNDLE_IDENTIFIER = com.Imalols.SkyMobileUITests;
				PRODUCT_NAME = "$(TARGET_NAME)";
				SWIFT_VERSION = 4.2;
				TARGETED_DEVICE_FAMILY = "1,2";
				TEST_TARGET_NAME = SkyMobile;
			};
			name = Debug;
		};
		96338424216ED9DD00C7C158 /* Release */ = {
			isa = XCBuildConfiguration;
			baseConfigurationReference = 5187BD4E98B14D527C912BA9 /* Pods-SkyMobileUITests.release.xcconfig */;
			buildSettings = {
				ALWAYS_EMBED_SWIFT_STANDARD_LIBRARIES = YES;
				CODE_SIGN_STYLE = Automatic;
				DEVELOPMENT_TEAM = N74E93PMQ8;
				INFOPLIST_FILE = SkyMobileUITests/Info.plist;
				LD_RUNPATH_SEARCH_PATHS = (
					"$(inherited)",
					"@executable_path/Frameworks",
					"@loader_path/Frameworks",
				);
				PRODUCT_BUNDLE_IDENTIFIER = com.Imalols.SkyMobileUITests;
				PRODUCT_NAME = "$(TARGET_NAME)";
				SWIFT_VERSION = 4.2;
				TARGETED_DEVICE_FAMILY = "1,2";
				TEST_TARGET_NAME = SkyMobile;
			};
			name = Release;
		};
/* End XCBuildConfiguration section */

/* Begin XCConfigurationList section */
		963383EF216ED9DA00C7C158 /* Build configuration list for PBXProject "SkyMobile" */ = {
			isa = XCConfigurationList;
			buildConfigurations = (
				9633841A216ED9DD00C7C158 /* Debug */,
				9633841B216ED9DD00C7C158 /* Release */,
			);
			defaultConfigurationIsVisible = 0;
			defaultConfigurationName = Release;
		};
		9633841C216ED9DD00C7C158 /* Build configuration list for PBXNativeTarget "SkyMobile" */ = {
			isa = XCConfigurationList;
			buildConfigurations = (
				9633841D216ED9DD00C7C158 /* Debug */,
				9633841E216ED9DD00C7C158 /* Release */,
			);
			defaultConfigurationIsVisible = 0;
			defaultConfigurationName = Release;
		};
		9633841F216ED9DD00C7C158 /* Build configuration list for PBXNativeTarget "SkyMobileTests" */ = {
			isa = XCConfigurationList;
			buildConfigurations = (
				96338420216ED9DD00C7C158 /* Debug */,
				96338421216ED9DD00C7C158 /* Release */,
			);
			defaultConfigurationIsVisible = 0;
			defaultConfigurationName = Release;
		};
		96338422216ED9DD00C7C158 /* Build configuration list for PBXNativeTarget "SkyMobileUITests" */ = {
			isa = XCConfigurationList;
			buildConfigurations = (
				96338423216ED9DD00C7C158 /* Debug */,
				96338424216ED9DD00C7C158 /* Release */,
			);
			defaultConfigurationIsVisible = 0;
			defaultConfigurationName = Release;
		};
/* End XCConfigurationList section */
	};
	rootObject = 963383EC216ED9DA00C7C158 /* Project object */;
}
